// !$*UTF8*$!
{
	archiveVersion = 1;
	classes = {
	};
	objectVersion = 52;
	objects = {

/* Begin PBXAggregateTarget section */
		23E825612575D1760023A3C7 /* All */ = {
			isa = PBXAggregateTarget;
			buildConfigurationList = 23E825642575D1760023A3C7 /* Build configuration list for PBXAggregateTarget "All" */;
			buildPhases = (
			);
			dependencies = (
				23E825682575D17E0023A3C7 /* PBXTargetDependency */,
				23E8256A2575D17E0023A3C7 /* PBXTargetDependency */,
			);
			name = All;
			productName = All;
		};
/* End PBXAggregateTarget section */

/* Begin PBXBuildFile section */
		23A2B7ED220792FE00B2FC77 /* AppDelegate.swift in Sources */ = {isa = PBXBuildFile; fileRef = 23A2B7EC220792FE00B2FC77 /* AppDelegate.swift */; };
		23A2B7EF220792FF00B2FC77 /* Assets.xcassets in Resources */ = {isa = PBXBuildFile; fileRef = 23A2B7EE220792FF00B2FC77 /* Assets.xcassets */; };
		23A2B7F2220792FF00B2FC77 /* MainMenu.xib in Resources */ = {isa = PBXBuildFile; fileRef = 23A2B7F0220792FF00B2FC77 /* MainMenu.xib */; };
		23A3061C29C12CB200BEC98A /* DSFFloatLabelledTextField in Frameworks */ = {isa = PBXBuildFile; productRef = 23A3061B29C12CB200BEC98A /* DSFFloatLabelledTextField */; };
		23A3061E29C12CB800BEC98A /* DSFFloatLabelledTextField in Frameworks */ = {isa = PBXBuildFile; productRef = 23A3061D29C12CB800BEC98A /* DSFFloatLabelledTextField */; };
		23C3AB9E23FBCFA30079D9C3 /* AppDelegate.m in Sources */ = {isa = PBXBuildFile; fileRef = 23C3AB9D23FBCFA30079D9C3 /* AppDelegate.m */; };
		23C3ABA023FBCFA40079D9C3 /* Assets.xcassets in Resources */ = {isa = PBXBuildFile; fileRef = 23C3AB9F23FBCFA40079D9C3 /* Assets.xcassets */; };
		23C3ABA323FBCFA40079D9C3 /* MainMenu.xib in Resources */ = {isa = PBXBuildFile; fileRef = 23C3ABA123FBCFA40079D9C3 /* MainMenu.xib */; };
		23C3ABA623FBCFA40079D9C3 /* main.m in Sources */ = {isa = PBXBuildFile; fileRef = 23C3ABA523FBCFA40079D9C3 /* main.m */; };
/* End PBXBuildFile section */

/* Begin PBXContainerItemProxy section */
		23E825672575D17E0023A3C7 /* PBXContainerItemProxy */ = {
			isa = PBXContainerItemProxy;
			containerPortal = 23A2B7E1220792FE00B2FC77 /* Project object */;
			proxyType = 1;
			remoteGlobalIDString = 23A2B7E8220792FE00B2FC77;
			remoteInfo = DSFFloatLabelledTextControls;
		};
		23E825692575D17E0023A3C7 /* PBXContainerItemProxy */ = {
			isa = PBXContainerItemProxy;
			containerPortal = 23A2B7E1220792FE00B2FC77 /* Project object */;
			proxyType = 1;
			remoteGlobalIDString = 23C3AB9923FBCFA30079D9C3;
			remoteInfo = "DSFFloatLabelledTextControls Demo objc";
		};
/* End PBXContainerItemProxy section */

/* Begin PBXCopyFilesBuildPhase section */
		2351F8572207D15C00EFA4F7 /* Embed Frameworks */ = {
			isa = PBXCopyFilesBuildPhase;
			buildActionMask = 2147483647;
			dstPath = "";
			dstSubfolderSpec = 10;
			files = (
			);
			name = "Embed Frameworks";
			runOnlyForDeploymentPostprocessing = 0;
		};
		23C3ABAF23FBD0E30079D9C3 /* CopyFiles */ = {
			isa = PBXCopyFilesBuildPhase;
			buildActionMask = 2147483647;
			dstPath = "";
			dstSubfolderSpec = 10;
			files = (
			);
			runOnlyForDeploymentPostprocessing = 0;
		};
/* End PBXCopyFilesBuildPhase section */

/* Begin PBXFileReference section */
		23A2B7E9220792FE00B2FC77 /* DSFFloatLabelledTextControls.app */ = {isa = PBXFileReference; explicitFileType = wrapper.application; includeInIndex = 0; path = DSFFloatLabelledTextControls.app; sourceTree = BUILT_PRODUCTS_DIR; };
		23A2B7EC220792FE00B2FC77 /* AppDelegate.swift */ = {isa = PBXFileReference; lastKnownFileType = sourcecode.swift; path = AppDelegate.swift; sourceTree = "<group>"; };
		23A2B7EE220792FF00B2FC77 /* Assets.xcassets */ = {isa = PBXFileReference; lastKnownFileType = folder.assetcatalog; path = Assets.xcassets; sourceTree = "<group>"; };
		23A2B7F1220792FF00B2FC77 /* Base */ = {isa = PBXFileReference; lastKnownFileType = file.xib; name = Base; path = Base.lproj/MainMenu.xib; sourceTree = "<group>"; };
		23A2B7F3220792FF00B2FC77 /* Info.plist */ = {isa = PBXFileReference; lastKnownFileType = text.plist.xml; path = Info.plist; sourceTree = "<group>"; };
		23A2B7F4220792FF00B2FC77 /* DSFFloatLabelledTextControls.entitlements */ = {isa = PBXFileReference; lastKnownFileType = text.plist.entitlements; path = DSFFloatLabelledTextControls.entitlements; sourceTree = "<group>"; };
		23A3061A29C12C9C00BEC98A /* DSFFloatLabelledTextControls */ = {isa = PBXFileReference; lastKnownFileType = wrapper; name = DSFFloatLabelledTextControls; path = ..; sourceTree = "<group>"; };
		23C3AB9A23FBCFA30079D9C3 /* DSFFloatLabelledTextControls Demo objc.app */ = {isa = PBXFileReference; explicitFileType = wrapper.application; includeInIndex = 0; path = "DSFFloatLabelledTextControls Demo objc.app"; sourceTree = BUILT_PRODUCTS_DIR; };
		23C3AB9C23FBCFA30079D9C3 /* AppDelegate.h */ = {isa = PBXFileReference; lastKnownFileType = sourcecode.c.h; path = AppDelegate.h; sourceTree = "<group>"; };
		23C3AB9D23FBCFA30079D9C3 /* AppDelegate.m */ = {isa = PBXFileReference; lastKnownFileType = sourcecode.c.objc; path = AppDelegate.m; sourceTree = "<group>"; };
		23C3AB9F23FBCFA40079D9C3 /* Assets.xcassets */ = {isa = PBXFileReference; lastKnownFileType = folder.assetcatalog; path = Assets.xcassets; sourceTree = "<group>"; };
		23C3ABA223FBCFA40079D9C3 /* Base */ = {isa = PBXFileReference; lastKnownFileType = file.xib; name = Base; path = Base.lproj/MainMenu.xib; sourceTree = "<group>"; };
		23C3ABA423FBCFA40079D9C3 /* Info.plist */ = {isa = PBXFileReference; lastKnownFileType = text.plist.xml; path = Info.plist; sourceTree = "<group>"; };
		23C3ABA523FBCFA40079D9C3 /* main.m */ = {isa = PBXFileReference; lastKnownFileType = sourcecode.c.objc; path = main.m; sourceTree = "<group>"; };
		23C3ABA723FBCFA40079D9C3 /* DSFFloatLabelledTextControls_Demo_objc.entitlements */ = {isa = PBXFileReference; lastKnownFileType = text.plist.entitlements; path = DSFFloatLabelledTextControls_Demo_objc.entitlements; sourceTree = "<group>"; };
		23E8256D2575D28A0023A3C7 /* ar */ = {isa = PBXFileReference; lastKnownFileType = text.plist.strings; name = ar; path = ar.lproj/MainMenu.strings; sourceTree = "<group>"; };
/* End PBXFileReference section */

/* Begin PBXFrameworksBuildPhase section */
		23A2B7E6220792FE00B2FC77 /* Frameworks */ = {
			isa = PBXFrameworksBuildPhase;
			buildActionMask = 2147483647;
			files = (
				23A3061C29C12CB200BEC98A /* DSFFloatLabelledTextField in Frameworks */,
			);
			runOnlyForDeploymentPostprocessing = 0;
		};
		23C3AB9723FBCFA30079D9C3 /* Frameworks */ = {
			isa = PBXFrameworksBuildPhase;
			buildActionMask = 2147483647;
			files = (
				23A3061E29C12CB800BEC98A /* DSFFloatLabelledTextField in Frameworks */,
			);
			runOnlyForDeploymentPostprocessing = 0;
		};
/* End PBXFrameworksBuildPhase section */

/* Begin PBXGroup section */
		23A2B7E0220792FE00B2FC77 = {
			isa = PBXGroup;
			children = (
				23A3061A29C12C9C00BEC98A /* DSFFloatLabelledTextControls */,
				23FFF1CF23BD4982008FA55A /* Demos */,
				23A2B7EA220792FE00B2FC77 /* Products */,
				23C3ABAB23FBCFDE0079D9C3 /* Frameworks */,
			);
			sourceTree = "<group>";
		};
		23A2B7EA220792FE00B2FC77 /* Products */ = {
			isa = PBXGroup;
			children = (
				23A2B7E9220792FE00B2FC77 /* DSFFloatLabelledTextControls.app */,
				23C3AB9A23FBCFA30079D9C3 /* DSFFloatLabelledTextControls Demo objc.app */,
			);
			name = Products;
			sourceTree = "<group>";
		};
		23A2B7EB220792FE00B2FC77 /* DSFFloatLabelledTextControls */ = {
			isa = PBXGroup;
			children = (
				23A2B7EC220792FE00B2FC77 /* AppDelegate.swift */,
				23A2B7EE220792FF00B2FC77 /* Assets.xcassets */,
				23A2B7F0220792FF00B2FC77 /* MainMenu.xib */,
				23A2B7F3220792FF00B2FC77 /* Info.plist */,
				23A2B7F4220792FF00B2FC77 /* DSFFloatLabelledTextControls.entitlements */,
			);
			path = DSFFloatLabelledTextControls;
			sourceTree = "<group>";
		};
		23C3AB9B23FBCFA30079D9C3 /* DSFFloatLabelledTextControls Demo objc */ = {
			isa = PBXGroup;
			children = (
				23C3AB9C23FBCFA30079D9C3 /* AppDelegate.h */,
				23C3AB9D23FBCFA30079D9C3 /* AppDelegate.m */,
				23C3AB9F23FBCFA40079D9C3 /* Assets.xcassets */,
				23C3ABA123FBCFA40079D9C3 /* MainMenu.xib */,
				23C3ABA423FBCFA40079D9C3 /* Info.plist */,
				23C3ABA523FBCFA40079D9C3 /* main.m */,
				23C3ABA723FBCFA40079D9C3 /* DSFFloatLabelledTextControls_Demo_objc.entitlements */,
			);
			path = "DSFFloatLabelledTextControls Demo objc";
			sourceTree = "<group>";
		};
		23C3ABAB23FBCFDE0079D9C3 /* Frameworks */ = {
			isa = PBXGroup;
			children = (
			);
			name = Frameworks;
			sourceTree = "<group>";
		};
		23FFF1CF23BD4982008FA55A /* Demos */ = {
			isa = PBXGroup;
			children = (
				23A2B7EB220792FE00B2FC77 /* DSFFloatLabelledTextControls */,
				23C3AB9B23FBCFA30079D9C3 /* DSFFloatLabelledTextControls Demo objc */,
			);
			path = Demos;
			sourceTree = "<group>";
		};
/* End PBXGroup section */

/* Begin PBXNativeTarget section */
		23A2B7E8220792FE00B2FC77 /* DSFFloatLabelledTextControls */ = {
			isa = PBXNativeTarget;
			buildConfigurationList = 23A2B7F7220792FF00B2FC77 /* Build configuration list for PBXNativeTarget "DSFFloatLabelledTextControls" */;
			buildPhases = (
				23A2B7E5220792FE00B2FC77 /* Sources */,
				23A2B7E6220792FE00B2FC77 /* Frameworks */,
				23A2B7E7220792FE00B2FC77 /* Resources */,
				2351F8572207D15C00EFA4F7 /* Embed Frameworks */,
			);
			buildRules = (
			);
			dependencies = (
			);
			name = DSFFloatLabelledTextControls;
			packageProductDependencies = (
				23A3061B29C12CB200BEC98A /* DSFFloatLabelledTextField */,
			);
			productName = DSFFloatLabelledTextControls;
			productReference = 23A2B7E9220792FE00B2FC77 /* DSFFloatLabelledTextControls.app */;
			productType = "com.apple.product-type.application";
		};
		23C3AB9923FBCFA30079D9C3 /* DSFFloatLabelledTextControls Demo objc */ = {
			isa = PBXNativeTarget;
			buildConfigurationList = 23C3ABAA23FBCFA40079D9C3 /* Build configuration list for PBXNativeTarget "DSFFloatLabelledTextControls Demo objc" */;
			buildPhases = (
				23C3AB9623FBCFA30079D9C3 /* Sources */,
				23C3AB9723FBCFA30079D9C3 /* Frameworks */,
				23C3AB9823FBCFA30079D9C3 /* Resources */,
				23C3ABAF23FBD0E30079D9C3 /* CopyFiles */,
			);
			buildRules = (
			);
			dependencies = (
			);
			name = "DSFFloatLabelledTextControls Demo objc";
			packageProductDependencies = (
				23A3061D29C12CB800BEC98A /* DSFFloatLabelledTextField */,
			);
			productName = "DSFFloatLabelledTextControls Demo objc";
			productReference = 23C3AB9A23FBCFA30079D9C3 /* DSFFloatLabelledTextControls Demo objc.app */;
			productType = "com.apple.product-type.application";
		};
/* End PBXNativeTarget section */

/* Begin PBXProject section */
		23A2B7E1220792FE00B2FC77 /* Project object */ = {
			isa = PBXProject;
			attributes = {
				LastSwiftUpdateCheck = 1010;
				LastUpgradeCheck = 1010;
				ORGANIZATIONNAME = "Darren Ford";
				TargetAttributes = {
					23A2B7E8220792FE00B2FC77 = {
						CreatedOnToolsVersion = 10.1;
					};
					23C3AB9923FBCFA30079D9C3 = {
						CreatedOnToolsVersion = 11.3.1;
					};
					23E825612575D1760023A3C7 = {
						CreatedOnToolsVersion = 12.2;
					};
				};
			};
			buildConfigurationList = 23A2B7E4220792FE00B2FC77 /* Build configuration list for PBXProject "DSFFloatLabelledTextControls" */;
			compatibilityVersion = "Xcode 9.3";
			developmentRegion = en;
			hasScannedForEncodings = 0;
			knownRegions = (
				en,
				Base,
				ar,
			);
			mainGroup = 23A2B7E0220792FE00B2FC77;
			productRefGroup = 23A2B7EA220792FE00B2FC77 /* Products */;
			projectDirPath = "";
			projectRoot = "";
			targets = (
				23A2B7E8220792FE00B2FC77 /* DSFFloatLabelledTextControls */,
				23C3AB9923FBCFA30079D9C3 /* DSFFloatLabelledTextControls Demo objc */,
				23E825612575D1760023A3C7 /* All */,
			);
		};
/* End PBXProject section */

/* Begin PBXResourcesBuildPhase section */
		23A2B7E7220792FE00B2FC77 /* Resources */ = {
			isa = PBXResourcesBuildPhase;
			buildActionMask = 2147483647;
			files = (
				23A2B7EF220792FF00B2FC77 /* Assets.xcassets in Resources */,
				23A2B7F2220792FF00B2FC77 /* MainMenu.xib in Resources */,
			);
			runOnlyForDeploymentPostprocessing = 0;
		};
		23C3AB9823FBCFA30079D9C3 /* Resources */ = {
			isa = PBXResourcesBuildPhase;
			buildActionMask = 2147483647;
			files = (
				23C3ABA023FBCFA40079D9C3 /* Assets.xcassets in Resources */,
				23C3ABA323FBCFA40079D9C3 /* MainMenu.xib in Resources */,
			);
			runOnlyForDeploymentPostprocessing = 0;
		};
/* End PBXResourcesBuildPhase section */

/* Begin PBXSourcesBuildPhase section */
		23A2B7E5220792FE00B2FC77 /* Sources */ = {
			isa = PBXSourcesBuildPhase;
			buildActionMask = 2147483647;
			files = (
				23A2B7ED220792FE00B2FC77 /* AppDelegate.swift in Sources */,
			);
			runOnlyForDeploymentPostprocessing = 0;
		};
		23C3AB9623FBCFA30079D9C3 /* Sources */ = {
			isa = PBXSourcesBuildPhase;
			buildActionMask = 2147483647;
			files = (
				23C3ABA623FBCFA40079D9C3 /* main.m in Sources */,
				23C3AB9E23FBCFA30079D9C3 /* AppDelegate.m in Sources */,
			);
			runOnlyForDeploymentPostprocessing = 0;
		};
/* End PBXSourcesBuildPhase section */

/* Begin PBXTargetDependency section */
		23E825682575D17E0023A3C7 /* PBXTargetDependency */ = {
			isa = PBXTargetDependency;
			target = 23A2B7E8220792FE00B2FC77 /* DSFFloatLabelledTextControls */;
			targetProxy = 23E825672575D17E0023A3C7 /* PBXContainerItemProxy */;
		};
		23E8256A2575D17E0023A3C7 /* PBXTargetDependency */ = {
			isa = PBXTargetDependency;
			target = 23C3AB9923FBCFA30079D9C3 /* DSFFloatLabelledTextControls Demo objc */;
			targetProxy = 23E825692575D17E0023A3C7 /* PBXContainerItemProxy */;
		};
/* End PBXTargetDependency section */

/* Begin PBXVariantGroup section */
		23A2B7F0220792FF00B2FC77 /* MainMenu.xib */ = {
			isa = PBXVariantGroup;
			children = (
				23A2B7F1220792FF00B2FC77 /* Base */,
				23E8256D2575D28A0023A3C7 /* ar */,
			);
			name = MainMenu.xib;
			sourceTree = "<group>";
		};
		23C3ABA123FBCFA40079D9C3 /* MainMenu.xib */ = {
			isa = PBXVariantGroup;
			children = (
				23C3ABA223FBCFA40079D9C3 /* Base */,
			);
			name = MainMenu.xib;
			sourceTree = "<group>";
		};
/* End PBXVariantGroup section */

/* Begin XCBuildConfiguration section */
		23A2B7F5220792FF00B2FC77 /* Debug */ = {
			isa = XCBuildConfiguration;
			buildSettings = {
				ALWAYS_SEARCH_USER_PATHS = NO;
				CLANG_ANALYZER_LOCALIZABILITY_NONLOCALIZED = YES;
				CLANG_ANALYZER_NONNULL = YES;
				CLANG_ANALYZER_NUMBER_OBJECT_CONVERSION = YES_AGGRESSIVE;
				CLANG_CXX_LANGUAGE_STANDARD = "gnu++14";
				CLANG_CXX_LIBRARY = "libc++";
				CLANG_ENABLE_MODULES = YES;
				CLANG_ENABLE_OBJC_ARC = YES;
				CLANG_ENABLE_OBJC_WEAK = YES;
				CLANG_WARN_BLOCK_CAPTURE_AUTORELEASING = YES;
				CLANG_WARN_BOOL_CONVERSION = YES;
				CLANG_WARN_COMMA = YES;
				CLANG_WARN_CONSTANT_CONVERSION = YES;
				CLANG_WARN_DEPRECATED_OBJC_IMPLEMENTATIONS = YES;
				CLANG_WARN_DIRECT_OBJC_ISA_USAGE = YES_ERROR;
				CLANG_WARN_DOCUMENTATION_COMMENTS = YES;
				CLANG_WARN_EMPTY_BODY = YES;
				CLANG_WARN_ENUM_CONVERSION = YES;
				CLANG_WARN_INFINITE_RECURSION = YES;
				CLANG_WARN_INT_CONVERSION = YES;
				CLANG_WARN_NON_LITERAL_NULL_CONVERSION = YES;
				CLANG_WARN_OBJC_IMPLICIT_RETAIN_SELF = YES;
				CLANG_WARN_OBJC_LITERAL_CONVERSION = YES;
				CLANG_WARN_OBJC_ROOT_CLASS = YES_ERROR;
				CLANG_WARN_RANGE_LOOP_ANALYSIS = YES;
				CLANG_WARN_STRICT_PROTOTYPES = YES;
				CLANG_WARN_SUSPICIOUS_MOVE = YES;
				CLANG_WARN_UNGUARDED_AVAILABILITY = YES_AGGRESSIVE;
				CLANG_WARN_UNREACHABLE_CODE = YES;
				CLANG_WARN__DUPLICATE_METHOD_MATCH = YES;
				CODE_SIGN_IDENTITY = "Mac Developer";
				COPY_PHASE_STRIP = NO;
				DEBUG_INFORMATION_FORMAT = dwarf;
				ENABLE_STRICT_OBJC_MSGSEND = YES;
				ENABLE_TESTABILITY = YES;
				GCC_C_LANGUAGE_STANDARD = gnu11;
				GCC_DYNAMIC_NO_PIC = NO;
				GCC_NO_COMMON_BLOCKS = YES;
				GCC_OPTIMIZATION_LEVEL = 0;
				GCC_PREPROCESSOR_DEFINITIONS = (
					"DEBUG=1",
					"$(inherited)",
				);
				GCC_WARN_64_TO_32_BIT_CONVERSION = YES;
				GCC_WARN_ABOUT_RETURN_TYPE = YES_ERROR;
				GCC_WARN_UNDECLARED_SELECTOR = YES;
				GCC_WARN_UNINITIALIZED_AUTOS = YES_AGGRESSIVE;
				GCC_WARN_UNUSED_FUNCTION = YES;
				GCC_WARN_UNUSED_VARIABLE = YES;
				MACOSX_DEPLOYMENT_TARGET = 10.11;
				MTL_ENABLE_DEBUG_INFO = INCLUDE_SOURCE;
				MTL_FAST_MATH = YES;
				ONLY_ACTIVE_ARCH = YES;
				SDKROOT = macosx;
				SWIFT_ACTIVE_COMPILATION_CONDITIONS = DEBUG;
				SWIFT_OPTIMIZATION_LEVEL = "-Onone";
			};
			name = Debug;
		};
		23A2B7F6220792FF00B2FC77 /* Release */ = {
			isa = XCBuildConfiguration;
			buildSettings = {
				ALWAYS_SEARCH_USER_PATHS = NO;
				CLANG_ANALYZER_LOCALIZABILITY_NONLOCALIZED = YES;
				CLANG_ANALYZER_NONNULL = YES;
				CLANG_ANALYZER_NUMBER_OBJECT_CONVERSION = YES_AGGRESSIVE;
				CLANG_CXX_LANGUAGE_STANDARD = "gnu++14";
				CLANG_CXX_LIBRARY = "libc++";
				CLANG_ENABLE_MODULES = YES;
				CLANG_ENABLE_OBJC_ARC = YES;
				CLANG_ENABLE_OBJC_WEAK = YES;
				CLANG_WARN_BLOCK_CAPTURE_AUTORELEASING = YES;
				CLANG_WARN_BOOL_CONVERSION = YES;
				CLANG_WARN_COMMA = YES;
				CLANG_WARN_CONSTANT_CONVERSION = YES;
				CLANG_WARN_DEPRECATED_OBJC_IMPLEMENTATIONS = YES;
				CLANG_WARN_DIRECT_OBJC_ISA_USAGE = YES_ERROR;
				CLANG_WARN_DOCUMENTATION_COMMENTS = YES;
				CLANG_WARN_EMPTY_BODY = YES;
				CLANG_WARN_ENUM_CONVERSION = YES;
				CLANG_WARN_INFINITE_RECURSION = YES;
				CLANG_WARN_INT_CONVERSION = YES;
				CLANG_WARN_NON_LITERAL_NULL_CONVERSION = YES;
				CLANG_WARN_OBJC_IMPLICIT_RETAIN_SELF = YES;
				CLANG_WARN_OBJC_LITERAL_CONVERSION = YES;
				CLANG_WARN_OBJC_ROOT_CLASS = YES_ERROR;
				CLANG_WARN_RANGE_LOOP_ANALYSIS = YES;
				CLANG_WARN_STRICT_PROTOTYPES = YES;
				CLANG_WARN_SUSPICIOUS_MOVE = YES;
				CLANG_WARN_UNGUARDED_AVAILABILITY = YES_AGGRESSIVE;
				CLANG_WARN_UNREACHABLE_CODE = YES;
				CLANG_WARN__DUPLICATE_METHOD_MATCH = YES;
				CODE_SIGN_IDENTITY = "Mac Developer";
				COPY_PHASE_STRIP = NO;
				DEBUG_INFORMATION_FORMAT = "dwarf-with-dsym";
				ENABLE_NS_ASSERTIONS = NO;
				ENABLE_STRICT_OBJC_MSGSEND = YES;
				GCC_C_LANGUAGE_STANDARD = gnu11;
				GCC_NO_COMMON_BLOCKS = YES;
				GCC_WARN_64_TO_32_BIT_CONVERSION = YES;
				GCC_WARN_ABOUT_RETURN_TYPE = YES_ERROR;
				GCC_WARN_UNDECLARED_SELECTOR = YES;
				GCC_WARN_UNINITIALIZED_AUTOS = YES_AGGRESSIVE;
				GCC_WARN_UNUSED_FUNCTION = YES;
				GCC_WARN_UNUSED_VARIABLE = YES;
				MACOSX_DEPLOYMENT_TARGET = 10.11;
				MTL_ENABLE_DEBUG_INFO = NO;
				MTL_FAST_MATH = YES;
				SDKROOT = macosx;
				SWIFT_COMPILATION_MODE = wholemodule;
				SWIFT_OPTIMIZATION_LEVEL = "-O";
			};
			name = Release;
		};
		23A2B7F8220792FF00B2FC77 /* Debug */ = {
			isa = XCBuildConfiguration;
			buildSettings = {
				ASSETCATALOG_COMPILER_APPICON_NAME = AppIcon;
				ASSETCATALOG_COMPILER_GLOBAL_ACCENT_COLOR_NAME = "";
				CODE_SIGN_ENTITLEMENTS = Demos/DSFFloatLabelledTextControls/DSFFloatLabelledTextControls.entitlements;
				CODE_SIGN_IDENTITY = "-";
				CODE_SIGN_STYLE = Automatic;
				COMBINE_HIDPI_IMAGES = YES;
				DEVELOPMENT_TEAM = "";
				INFOPLIST_FILE = Demos/DSFFloatLabelledTextControls/Info.plist;
				LD_RUNPATH_SEARCH_PATHS = (
					"$(inherited)",
					"@executable_path/../Frameworks",
				);
				MACOSX_DEPLOYMENT_TARGET = 10.13;
				MARKETING_VERSION = 1.5;
				PRODUCT_BUNDLE_IDENTIFIER = com.darrenford.DSFFloatLabelledTextControls;
				PRODUCT_NAME = "$(TARGET_NAME)";
				PROVISIONING_PROFILE_SPECIFIER = "";
				SWIFT_VERSION = 5.0;
			};
			name = Debug;
		};
		23A2B7F9220792FF00B2FC77 /* Release */ = {
			isa = XCBuildConfiguration;
			buildSettings = {
				ASSETCATALOG_COMPILER_APPICON_NAME = AppIcon;
				ASSETCATALOG_COMPILER_GLOBAL_ACCENT_COLOR_NAME = "";
				CODE_SIGN_ENTITLEMENTS = Demos/DSFFloatLabelledTextControls/DSFFloatLabelledTextControls.entitlements;
				CODE_SIGN_IDENTITY = "-";
				CODE_SIGN_STYLE = Automatic;
				COMBINE_HIDPI_IMAGES = YES;
				DEVELOPMENT_TEAM = "";
				INFOPLIST_FILE = Demos/DSFFloatLabelledTextControls/Info.plist;
				LD_RUNPATH_SEARCH_PATHS = (
					"$(inherited)",
					"@executable_path/../Frameworks",
				);
				MACOSX_DEPLOYMENT_TARGET = 10.13;
				MARKETING_VERSION = 1.5;
				PRODUCT_BUNDLE_IDENTIFIER = com.darrenford.DSFFloatLabelledTextControls;
				PRODUCT_NAME = "$(TARGET_NAME)";
				PROVISIONING_PROFILE_SPECIFIER = "";
				SWIFT_VERSION = 5.0;
			};
			name = Release;
		};
		23C3ABA823FBCFA40079D9C3 /* Debug */ = {
			isa = XCBuildConfiguration;
			buildSettings = {
				ALWAYS_EMBED_SWIFT_STANDARD_LIBRARIES = YES;
				ASSETCATALOG_COMPILER_APPICON_NAME = AppIcon;
				CODE_SIGN_ENTITLEMENTS = "Demos/DSFFloatLabelledTextControls Demo objc/DSFFloatLabelledTextControls_Demo_objc.entitlements";
				CODE_SIGN_IDENTITY = "-";
				CODE_SIGN_STYLE = Automatic;
				COMBINE_HIDPI_IMAGES = YES;
				DEVELOPMENT_TEAM = "";
				ENABLE_HARDENED_RUNTIME = YES;
				INFOPLIST_FILE = "Demos/DSFFloatLabelledTextControls Demo objc/Info.plist";
				LD_RUNPATH_SEARCH_PATHS = (
					"$(inherited)",
					"@executable_path/../Frameworks",
				);
				MACOSX_DEPLOYMENT_TARGET = 10.13;
				PRODUCT_BUNDLE_IDENTIFIER = "com.darrenford.DSFFloatLabelledTextControls-Demo-objc";
				PRODUCT_NAME = "$(TARGET_NAME)";
			};
			name = Debug;
		};
		23C3ABA923FBCFA40079D9C3 /* Release */ = {
			isa = XCBuildConfiguration;
			buildSettings = {
				ALWAYS_EMBED_SWIFT_STANDARD_LIBRARIES = YES;
				ASSETCATALOG_COMPILER_APPICON_NAME = AppIcon;
				CODE_SIGN_ENTITLEMENTS = "Demos/DSFFloatLabelledTextControls Demo objc/DSFFloatLabelledTextControls_Demo_objc.entitlements";
				CODE_SIGN_IDENTITY = "-";
				CODE_SIGN_STYLE = Automatic;
				COMBINE_HIDPI_IMAGES = YES;
				DEVELOPMENT_TEAM = "";
				ENABLE_HARDENED_RUNTIME = YES;
				INFOPLIST_FILE = "Demos/DSFFloatLabelledTextControls Demo objc/Info.plist";
				LD_RUNPATH_SEARCH_PATHS = (
					"$(inherited)",
					"@executable_path/../Frameworks",
				);
				MACOSX_DEPLOYMENT_TARGET = 10.13;
				PRODUCT_BUNDLE_IDENTIFIER = "com.darrenford.DSFFloatLabelledTextControls-Demo-objc";
				PRODUCT_NAME = "$(TARGET_NAME)";
			};
			name = Release;
		};
		23E825622575D1760023A3C7 /* Debug */ = {
			isa = XCBuildConfiguration;
			buildSettings = {
				CODE_SIGN_STYLE = Automatic;
				DEVELOPMENT_TEAM = 3L6RK3LGGW;
				PRODUCT_NAME = "$(TARGET_NAME)";
			};
			name = Debug;
		};
		23E825632575D1760023A3C7 /* Release */ = {
			isa = XCBuildConfiguration;
			buildSettings = {
				CODE_SIGN_STYLE = Automatic;
				DEVELOPMENT_TEAM = 3L6RK3LGGW;
				PRODUCT_NAME = "$(TARGET_NAME)";
			};
			name = Release;
		};
/* End XCBuildConfiguration section */

/* Begin XCConfigurationList section */
		23A2B7E4220792FE00B2FC77 /* Build configuration list for PBXProject "DSFFloatLabelledTextControls" */ = {
			isa = XCConfigurationList;
			buildConfigurations = (
				23A2B7F5220792FF00B2FC77 /* Debug */,
				23A2B7F6220792FF00B2FC77 /* Release */,
			);
			defaultConfigurationIsVisible = 0;
			defaultConfigurationName = Release;
		};
		23A2B7F7220792FF00B2FC77 /* Build configuration list for PBXNativeTarget "DSFFloatLabelledTextControls" */ = {
			isa = XCConfigurationList;
			buildConfigurations = (
				23A2B7F8220792FF00B2FC77 /* Debug */,
				23A2B7F9220792FF00B2FC77 /* Release */,
			);
			defaultConfigurationIsVisible = 0;
			defaultConfigurationName = Release;
		};
		23C3ABAA23FBCFA40079D9C3 /* Build configuration list for PBXNativeTarget "DSFFloatLabelledTextControls Demo objc" */ = {
			isa = XCConfigurationList;
			buildConfigurations = (
				23C3ABA823FBCFA40079D9C3 /* Debug */,
				23C3ABA923FBCFA40079D9C3 /* Release */,
			);
			defaultConfigurationIsVisible = 0;
			defaultConfigurationName = Release;
		};
		23E825642575D1760023A3C7 /* Build configuration list for PBXAggregateTarget "All" */ = {
			isa = XCConfigurationList;
			buildConfigurations = (
				23E825622575D1760023A3C7 /* Debug */,
				23E825632575D1760023A3C7 /* Release */,
			);
			defaultConfigurationIsVisible = 0;
			defaultConfigurationName = Release;
		};
/* End XCConfigurationList section */

/* Begin XCSwiftPackageProductDependency section */
		23A3061B29C12CB200BEC98A /* DSFFloatLabelledTextField */ = {
			isa = XCSwiftPackageProductDependency;
			productName = DSFFloatLabelledTextField;
		};
		23A3061D29C12CB800BEC98A /* DSFFloatLabelledTextField */ = {
			isa = XCSwiftPackageProductDependency;
			productName = DSFFloatLabelledTextField;
		};
/* End XCSwiftPackageProductDependency section */
	};
	rootObject = 23A2B7E1220792FE00B2FC77 /* Project object */;
}
